
Microsoft Visual Studio Solution File, Format Version 12.00
# Visual Studio Version 17
VisualStudioVersion = 17.1.32228.430
MinimumVisualStudioVersion = 10.0.40219.1
Project("{FAE04EC0-301F-11D3-BF4B-00C04F79EFBC}") = "Tasks", "Tasks\Tasks.csproj", "{7A06EAB6-A229-4F45-A7CE-1790E7EA7B57}"
EndProject
Project("{FAE04EC0-301F-11D3-BF4B-00C04F79EFBC}") = "oAuthOpenIdConnectMfaMegaAuthorzation", "oAuthOpernIdConnectMfaMegaAuthorzation\oAuthOpenIdConnectMfaMegaAuthorzation.csproj", "{E371640C-41B7-474B-BAE2-40F7F4798F30}"
EndProject
Project("{FAE04EC0-301F-11D3-BF4B-00C04F79EFBC}") = "Accounting", "Accounting\Accounting.csproj", "{0E7594B4-C5B5-4C62-9953-A34E4EFDF3B4}"
EndProject
Project("{FAE04EC0-301F-11D3-BF4B-00C04F79EFBC}") = "Analytics", "Analytics\Analytics.csproj", "{2E658138-EBC6-48EE-8AD0-A16C46583688}"
EndProject
Global
	GlobalSection(SolutionConfigurationPlatforms) = preSolution
		Debug|Any CPU = Debug|Any CPU
		Release|Any CPU = Release|Any CPU
	EndGlobalSection
	GlobalSection(ProjectConfigurationPlatforms) = postSolution
		{7A06EAB6-A229-4F45-A7CE-1790E7EA7B57}.Debug|Any CPU.ActiveCfg = Debug|Any CPU
		{7A06EAB6-A229-4F45-A7CE-1790E7EA7B57}.Debug|Any CPU.Build.0 = Debug|Any CPU
		{7A06EAB6-A229-4F45-A7CE-1790E7EA7B57}.Release|Any CPU.ActiveCfg = Release|Any CPU
		{7A06EAB6-A229-4F45-A7CE-1790E7EA7B57}.Release|Any CPU.Build.0 = Release|Any CPU
		{E371640C-41B7-474B-BAE2-40F7F4798F30}.Debug|Any CPU.ActiveCfg = Debug|Any CPU
		{E371640C-41B7-474B-BAE2-40F7F4798F30}.Debug|Any CPU.Build.0 = Debug|Any CPU
		{E371640C-41B7-474B-BAE2-40F7F4798F30}.Release|Any CPU.ActiveCfg = Release|Any CPU
		{E371640C-41B7-474B-BAE2-40F7F4798F30}.Release|Any CPU.Build.0 = Release|Any CPU
		{0E7594B4-C5B5-4C62-9953-A34E4EFDF3B4}.Debug|Any CPU.ActiveCfg = Debug|Any CPU
		{0E7594B4-C5B5-4C62-9953-A34E4EFDF3B4}.Debug|Any CPU.Build.0 = Debug|Any CPU
		{0E7594B4-C5B5-4C62-9953-A34E4EFDF3B4}.Release|Any CPU.ActiveCfg = Release|Any CPU
		{0E7594B4-C5B5-4C62-9953-A34E4EFDF3B4}.Release|Any CPU.Build.0 = Release|Any CPU
		{2E658138-EBC6-48EE-8AD0-A16C46583688}.Debug|Any CPU.ActiveCfg = Debug|Any CPU
		{2E658138-EBC6-48EE-8AD0-A16C46583688}.Debug|Any CPU.Build.0 = Debug|Any CPU
		{2E658138-EBC6-48EE-8AD0-A16C46583688}.Release|Any CPU.ActiveCfg = Release|Any CPU
		{2E658138-EBC6-48EE-8AD0-A16C46583688}.Release|Any CPU.Build.0 = Release|Any CPU
	EndGlobalSection
	GlobalSection(SolutionProperties) = preSolution
		HideSolutionNode = FALSE
	EndGlobalSection
	GlobalSection(ExtensibilityGlobals) = postSolution
		SolutionGuid = {C35151F7-DA00-4C8B-BF54-03064123A660}
	EndGlobalSection
EndGlobal
